<?xml version="1.0" encoding="utf-8"?>
<Project ToolsVersion="4.0" xmlns="http://schemas.microsoft.com/developer/msbuild/2003">
  <ItemGroup>
    <Filter Include="Source Files">
      <UniqueIdentifier>{4FC737F1-C7A5-4376-A066-2A32D752A2FF}</UniqueIdentifier>
      <Extensions>cpp;c;cc;cxx;def;odl;idl;hpj;bat;asm;asmx</Extensions>
    </Filter>
    <Filter Include="Header Files">
      <UniqueIdentifier>{93995380-89BD-4b04-88EB-625FBE52EBFB}</UniqueIdentifier>
      <Extensions>h;hh;hpp;hxx;hm;inl;inc;xsd</Extensions>
    </Filter>
    <Filter Include="Resource Files">
      <UniqueIdentifier>{67DA6AB6-F800-4c08-8B7A-83BB121AAD01}</UniqueIdentifier>
      <Extensions>rc;ico;cur;bmp;dlg;rc2;rct;bin;rgs;gif;jpg;jpeg;jpe;resx;tiff;tif;png;wav;mfcribbon-ms</Extensions>
    </Filter>
    <Filter Include="Tinymoe">
      <UniqueIdentifier>{12df8507-9cbd-4a6d-9e05-4fb7954e2f9e}</UniqueIdentifier>
    </Filter>
    <Filter Include="Tinymoe\Compiler">
      <UniqueIdentifier>{9685582c-5f07-44f2-aefd-c88422be8af6}</UniqueIdentifier>
    </Filter>
    <Filter Include="Tinymoe\Ast">
      <UniqueIdentifier>{56cf71b8-87ec-4438-8230-020750d4afa6}</UniqueIdentifier>
    </Filter>
  </ItemGroup>
  <ItemGroup>
    <ClCompile Include="Main.cpp">
      <Filter>Source Files</Filter>
    </ClCompile>
    <ClCompile Include="UnitTest.cpp">
      <Filter>Source Files</Filter>
    </ClCompile>
    <ClCompile Include="..\Source\Tinymoe.cpp">
      <Filter>Tinymoe</Filter>
    </ClCompile>
    <ClCompile Include="TestLexicalAnalyzer.cpp">
      <Filter>Source Files</Filter>
    </ClCompile>
    <ClCompile Include="TestDeclarationAnalyzer.cpp">
      <Filter>Source Files</Filter>
    </ClCompile>
    <ClCompile Include="TestExpressionAnalyzer.cpp">
      <Filter>Source Files</Filter>
    </ClCompile>
    <ClCompile Include="..\Source\Compiler\TinymoeDeclarationAnalyzer.cpp">
      <Filter>Tinymoe\Compiler</Filter>
    </ClCompile>
    <ClCompile Include="..\Source\Compiler\TinymoeExpressionAnalyzer.cpp">
      <Filter>Tinymoe\Compiler</Filter>
    </ClCompile>
    <ClCompile Include="..\Source\Compiler\TinymoeLexicalAnalyzer.cpp">
      <Filter>Tinymoe\Compiler</Filter>
    </ClCompile>
    <ClCompile Include="..\Source\Compiler\TinymoeStatementAnalyzer.cpp">
      <Filter>Tinymoe\Compiler</Filter>
    </ClCompile>
    <ClCompile Include="TestStatementAnalyzer.cpp">
      <Filter>Source Files</Filter>
    </ClCompile>
    <ClCompile Include="..\Source\Ast\TinymoeAst.cpp">
      <Filter>Tinymoe\Ast</Filter>
    </ClCompile>
    <ClCompile Include="..\Source\Compiler\TinymoeAstCodegen.cpp">
      <Filter>Tinymoe\Compiler</Filter>
    </ClCompile>
    <ClCompile Include="TestAstCodegen.cpp">
      <Filter>Source Files</Filter>
    </ClCompile>
    <ClCompile Include="..\Source\Compiler\TinymoeAstCodegen_Declaration.cpp">
      <Filter>Tinymoe\Compiler</Filter>
    </ClCompile>
    <ClCompile Include="..\Source\Compiler\TinymoeAstCodegen_Statement.cpp">
      <Filter>Tinymoe\Compiler</Filter>
    </ClCompile>
    <ClCompile Include="..\Source\Compiler\TinymoeAstCodegen_Expression.cpp">
      <Filter>Tinymoe\Compiler</Filter>
    </ClCompile>
    <ClCompile Include="CSharpCodegen.cpp">
      <Filter>Source Files</Filter>
    </ClCompile>
  </ItemGroup>
  <ItemGroup>
    <ClInclude Include="UnitTest.h">
      <Filter>Header Files</Filter>
    </ClInclude>
    <ClInclude Include="..\Source\Tinymoe.h">
      <Filter>Tinymoe</Filter>
    </ClInclude>
    <ClInclude Include="..\Source\TinymoeSTL.h">
      <Filter>Tinymoe</Filter>
    </ClInclude>
    <ClInclude Include="..\Source\Compiler\TinymoeDeclarationAnalyzer.h">
      <Filter>Tinymoe\Compiler</Filter>
    </ClInclude>
    <ClInclude Include="..\Source\Compiler\TinymoeExpressionAnalyzer.h">
      <Filter>Tinymoe\Compiler</Filter>
    </ClInclude>
    <ClInclude Include="..\Source\Compiler\TinymoeLexicalAnalyzer.h">
      <Filter>Tinymoe\Compiler</Filter>
    </ClInclude>
    <ClInclude Include="..\Source\Compiler\TinymoeStatementAnalyzer.h">
      <Filter>Tinymoe\Compiler</Filter>
    </ClInclude>
    <ClInclude Include="..\Source\Ast\TinymoeAst.h">
      <Filter>Tinymoe\Ast</Filter>
    </ClInclude>
    <ClInclude Include="..\Source\Compiler\TinymoeAstCodegen.h">
      <Filter>Tinymoe\Compiler</Filter>
    </ClInclude>
  </ItemGroup>
  <ItemGroup>
    <Text Include="..\Library\StandardLibrary.txt">
      <Filter>Resource Files</Filter>
    </Text>
  </ItemGroup>
</Project>